{
  "name": "remotion-keynote",
  "version": "0.1.2",
  "lockfileVersion": 3,
  "requires": true,
  "packages": {
    "": {
      "name": "remotion-keynote",
      "version": "0.1.2",
      "license": "MIT",
      "peerDependencies": {
        "@remotion/player": ">=4.0",
        "@remotion/transitions": ">=4.0",
        "react": ">=18",
        "react-dom": ">=18",
        "remotion": ">=4.0"
      }
    },
    "node_modules/@remotion/paths": {
      "version": "4.0.427",
      "resolved": "https://registry.npmjs.org/@remotion/paths/-/paths-4.0.427.tgz",
      "integrity": "sha512-vzfm31BYhNvQ0ctKACya9PK5ENAdnWWN3CoHOMZJTBwwZF8q080yxHpGkt7zs2zom27YRKqjOPX7N8ONYDfWpw==",
      "license": "MIT"
    },
    "node_modules/@remotion/player": {
      "version": "4.0.427",
      "resolved": "https://registry.npmjs.org/@remotion/player/-/player-4.0.427.tgz",
      "integrity": "sha512-M5KhbEmajwRkff6rPrjcEN2UrGh3cpw04PycjzzQbQQlwhLk/X0WJAH2eX+ccLYfr/wUHKuWCLhUdIig94nPTg==",
      "license": "SEE LICENSE IN LICENSE.md",
      "peer": true,
      "dependencies": {
        "remotion": "4.0.427"
      },
      "peerDependencies": {
        "react": ">=16.8.0",
        "react-dom": ">=16.8.0"
      }
    },
    "node_modules/@remotion/shapes": {
      "version": "4.0.427",
      "resolved": "https://registry.npmjs.org/@remotion/shapes/-/shapes-4.0.427.tgz",
      "integrity": "sha512-n9lsTwRRu1GwIHaKjaw9bMi4+Q7CHGM3KYpq9jy1VInExIfDQT5+sFi0EuBEuLgaqUlssNUTOaVrkyEKFBuQMQ==",
      "license": "MIT",
      "dependencies": {
        "@remotion/paths": "4.0.427"
      },
      "peerDependencies": {
        "react": ">=16.8.0",
        "react-dom": ">=16.8.0"
      }
    },
    "node_modules/@remotion/transitions": {
      "version": "4.0.427",
      "resolved": "https://registry.npmjs.org/@remotion/transitions/-/transitions-4.0.427.tgz",
      "integrity": "sha512-1UsqAm/prPUPn5EtzWcTtrtmdiqLywXxZsZOwwQQzgmcySBxRpGM8Bm9uEYVb9+2MGT9tyrBY/rsQoIPF9W6ZQ==",
      "license": "UNLICENSED",
      "peer": true,
      "dependencies": {
        "@remotion/paths": "4.0.427",
        "@remotion/shapes": "4.0.427",
        "remotion": "4.0.427"
      },
      "peerDependencies": {
        "react": ">=16.8.0",
        "react-dom": ">=16.8.0"
      }
    },
    "node_modules/react": {
      "version": "19.2.4",
      "resolved": "https://registry.npmjs.org/react/-/react-19.2.4.tgz",
      "integrity": "sha512-9nfp2hYpCwOjAN+8TZFGhtWEwgvWHXqESH8qT89AT/lWklpLON22Lc8pEtnpsZz7VmawabSU0gCjnj8aC0euHQ==",
      "license": "MIT",
      "peer": true,
      "engines": {
        "node": ">=0.10.0"
      }
    },
    "node_modules/react-dom": {
      "version": "19.2.4",
      "resolved": "https://registry.npmjs.org/react-dom/-/react-dom-19.2.4.tgz",
      "integrity": "sha512-AXJdLo8kgMbimY95O2aKQqsz2iWi9jMgKJhRBAxECE4IFxfcazB2LmzloIoibJI3C12IlY20+KFaLv+71bUJeQ==",
      "license": "MIT",
      "peer": true,
      "dependencies": {
        "scheduler": "^0.27.0"
      },
      "peerDependencies": {
        "react": "^19.2.4"
      }
    },
    "node_modules/remotion": {
      "version": "4.0.427",
      "resolved": "https://registry.npmjs.org/remotion/-/remotion-4.0.427.tgz",
      "integrity": "sha512-RbpkKedpLOuzHg/Yoa7mwtfPEBgGxTlq4sknXmmhpLKOJjML7e674bBa7nPx9GIoLXndjL3YiSZXcz2yz9x6xA==",
      "license": "SEE LICENSE IN LICENSE.md",
      "peer": true,
      "peerDependencies": {
        "react": ">=16.8.0",
        "react-dom": ">=16.8.0"
      }
    },
    "node_modules/scheduler": {
      "version": "0.27.0",
      "resolved": "https://registry.npmjs.org/scheduler/-/scheduler-0.27.0.tgz",
      "integrity": "sha512-eNv+WrVbKu1f3vbYJT/xtiF5syA5HPIMtf9IgY/nKg0sWqzAUEvqY/xm7OcZc/qafLx/iO9FgOmeSAp4v5ti/Q==",
      "license": "MIT"
    }
  }
}
